// !$*UTF8*$!
{
	archiveVersion = 1;
	classes = {
	};
	objectVersion = 56;
	objects = {

/* Begin PBXBuildFile section */
		09A7EE9B2AD05C370055937E /* AppDelegate.swift in Sources */ = {isa = PBXBuildFile; fileRef = 09A7EE9A2AD05C370055937E /* AppDelegate.swift */; };
		09A7EE9D2AD05C370055937E /* SceneDelegate.swift in Sources */ = {isa = PBXBuildFile; fileRef = 09A7EE9C2AD05C370055937E /* SceneDelegate.swift */; };
		09A7EE9F2AD05C370055937E /* ViewController.swift in Sources */ = {isa = PBXBuildFile; fileRef = 09A7EE9E2AD05C370055937E /* ViewController.swift */; };
		09A7EEA22AD05C370055937E /* Main.storyboard in Resources */ = {isa = PBXBuildFile; fileRef = 09A7EEA02AD05C370055937E /* Main.storyboard */; };
		09A7EEA42AD05C370055937E /* Assets.xcassets in Resources */ = {isa = PBXBuildFile; fileRef = 09A7EEA32AD05C370055937E /* Assets.xcassets */; };
		09A7EEA72AD05C370055937E /* LaunchScreen.storyboard in Resources */ = {isa = PBXBuildFile; fileRef = 09A7EEA52AD05C370055937E /* LaunchScreen.storyboard */; };
		09A7EED12AD065430055937E /* ResultVC.swift in Sources */ = {isa = PBXBuildFile; fileRef = 09A7EED02AD065430055937E /* ResultVC.swift */; };
		09EDF8092AD1420900724D27 /* GetDataProtocol.swift in Sources */ = {isa = PBXBuildFile; fileRef = 09EDF8082AD1420900724D27 /* GetDataProtocol.swift */; };
/* End PBXBuildFile section */

/* Begin PBXFileReference section */
		09A7EE972AD05C370055937E /* Sopt-Seminar.app */ = {isa = PBXFileReference; explicitFileType = wrapper.application; includeInIndex = 0; path = "Sopt-Seminar.app"; sourceTree = BUILT_PRODUCTS_DIR; };
		09A7EE9A2AD05C370055937E /* AppDelegate.swift */ = {isa = PBXFileReference; lastKnownFileType = sourcecode.swift; path = AppDelegate.swift; sourceTree = "<group>"; };
		09A7EE9C2AD05C370055937E /* SceneDelegate.swift */ = {isa = PBXFileReference; lastKnownFileType = sourcecode.swift; path = SceneDelegate.swift; sourceTree = "<group>"; };
		09A7EE9E2AD05C370055937E /* ViewController.swift */ = {isa = PBXFileReference; lastKnownFileType = sourcecode.swift; path = ViewController.swift; sourceTree = "<group>"; };
		09A7EEA12AD05C370055937E /* Base */ = {isa = PBXFileReference; lastKnownFileType = file.storyboard; name = Base; path = Base.lproj/Main.storyboard; sourceTree = "<group>"; };
		09A7EEA32AD05C370055937E /* Assets.xcassets */ = {isa = PBXFileReference; lastKnownFileType = folder.assetcatalog; path = Assets.xcassets; sourceTree = "<group>"; };
		09A7EEA62AD05C370055937E /* Base */ = {isa = PBXFileReference; lastKnownFileType = file.storyboard; name = Base; path = Base.lproj/LaunchScreen.storyboard; sourceTree = "<group>"; };
		09A7EEA82AD05C370055937E /* Info.plist */ = {isa = PBXFileReference; lastKnownFileType = text.plist.xml; path = Info.plist; sourceTree = "<group>"; };
		09A7EED02AD065430055937E /* ResultVC.swift */ = {isa = PBXFileReference; lastKnownFileType = sourcecode.swift; path = ResultVC.swift; sourceTree = "<group>"; };
		09EDF8082AD1420900724D27 /* GetDataProtocol.swift */ = {isa = PBXFileReference; lastKnownFileType = sourcecode.swift; path = GetDataProtocol.swift; sourceTree = "<group>"; };
/* End PBXFileReference section */

/* Begin PBXFrameworksBuildPhase section */
		09A7EE942AD05C370055937E /* Frameworks */ = {
			isa = PBXFrameworksBuildPhase;
			buildActionMask = 2147483647;
			files = (
			);
			runOnlyForDeploymentPostprocessing = 0;
		};
/* End PBXFrameworksBuildPhase section */

/* Begin PBXGroup section */
		09A7EE8E2AD05C370055937E = {
			isa = PBXGroup;
			children = (
				09A7EE992AD05C370055937E /* Sopt-Seminar */,
				09A7EE982AD05C370055937E /* Products */,
			);
			sourceTree = "<group>";
		};
		09A7EE982AD05C370055937E /* Products */ = {
			isa = PBXGroup;
			children = (
				09A7EE972AD05C370055937E /* Sopt-Seminar.app */,
			);
			name = Products;
			sourceTree = "<group>";
		};
		09A7EE992AD05C370055937E /* Sopt-Seminar */ = {
			isa = PBXGroup;
			children = (
				09A7EECF2AD063AD0055937E /* FirstSeminar */,
				09A7EE9A2AD05C370055937E /* AppDelegate.swift */,
				09A7EE9C2AD05C370055937E /* SceneDelegate.swift */,
				09A7EE9E2AD05C370055937E /* ViewController.swift */,
				09A7EED02AD065430055937E /* ResultVC.swift */,
				09EDF8082AD1420900724D27 /* GetDataProtocol.swift */,
				09A7EEA02AD05C370055937E /* Main.storyboard */,
				09A7EEA32AD05C370055937E /* Assets.xcassets */,
				09A7EEA52AD05C370055937E /* LaunchScreen.storyboard */,
				09A7EEA82AD05C370055937E /* Info.plist */,
			);
			path = "Sopt-Seminar";
			sourceTree = "<group>";
		};
		09A7EECF2AD063AD0055937E /* FirstSeminar */ = {
			isa = PBXGroup;
			children = (
			);
			path = FirstSeminar;
			sourceTree = "<group>";
		};
/* End PBXGroup section */

/* Begin PBXNativeTarget section */
		09A7EE962AD05C370055937E /* Sopt-Seminar */ = {
			isa = PBXNativeTarget;
			buildConfigurationList = 09A7EEAB2AD05C370055937E /* Build configuration list for PBXNativeTarget "Sopt-Seminar" */;
			buildPhases = (
				09A7EE932AD05C370055937E /* Sources */,
				09A7EE942AD05C370055937E /* Frameworks */,
				09A7EE952AD05C370055937E /* Resources */,
			);
			buildRules = (
			);
			dependencies = (
			);
			name = "Sopt-Seminar";
			productName = "Sopt-Seminar";
			productReference = 09A7EE972AD05C370055937E /* Sopt-Seminar.app */;
			productType = "com.apple.product-type.application";
		};
/* End PBXNativeTarget section */

/* Begin PBXProject section */
		09A7EE8F2AD05C370055937E /* Project object */ = {
			isa = PBXProject;
			attributes = {
				BuildIndependentTargetsInParallel = 1;
				LastSwiftUpdateCheck = 1430;
				LastUpgradeCheck = 1430;
				TargetAttributes = {
					09A7EE962AD05C370055937E = {
						CreatedOnToolsVersion = 14.3.1;
					};
				};
			};
			buildConfigurationList = 09A7EE922AD05C370055937E /* Build configuration list for PBXProject "Sopt-Seminar" */;
			compatibilityVersion = "Xcode 14.0";
			developmentRegion = en;
			hasScannedForEncodings = 0;
			knownRegions = (
				en,
				Base,
			);
			mainGroup = 09A7EE8E2AD05C370055937E;
			productRefGroup = 09A7EE982AD05C370055937E /* Products */;
			projectDirPath = "";
			projectRoot = "";
			targets = (
				09A7EE962AD05C370055937E /* Sopt-Seminar */,
			);
		};
/* End PBXProject section */

/* Begin PBXResourcesBuildPhase section */
		09A7EE952AD05C370055937E /* Resources */ = {
			isa = PBXResourcesBuildPhase;
			buildActionMask = 2147483647;
			files = (
				09A7EEA72AD05C370055937E /* LaunchScreen.storyboard in Resources */,
				09A7EEA42AD05C370055937E /* Assets.xcassets in Resources */,
				09A7EEA22AD05C370055937E /* Main.storyboard in Resources */,
			);
			runOnlyForDeploymentPostprocessing = 0;
		};
/* End PBXResourcesBuildPhase section */

/* Begin PBXSourcesBuildPhase section */
		09A7EE932AD05C370055937E /* Sources */ = {
			isa = PBXSourcesBuildPhase;
			buildActionMask = 2147483647;
			files = (
				09EDF8092AD1420900724D27 /* GetDataProtocol.swift in Sources */,
				09A7EE9F2AD05C370055937E /* ViewController.swift in Sources */,
				09A7EED12AD065430055937E /* ResultVC.swift in Sources */,
				09A7EE9B2AD05C370055937E /* AppDelegate.swift in Sources */,
				09A7EE9D2AD05C370055937E /* SceneDelegate.swift in Sources */,
			);
			runOnlyForDeploymentPostprocessing = 0;
		};
/* End PBXSourcesBuildPhase section */

/* Begin PBXVariantGroup section */
		09A7EEA02AD05C370055937E /* Main.storyboard */ = {
			isa = PBXVariantGroup;
			children = (
				09A7EEA12AD05C370055937E /* Base */,
			);
			name = Main.storyboard;
			sourceTree = "<group>";
		};
		09A7EEA52AD05C370055937E /* LaunchScreen.storyboard */ = {
			isa = PBXVariantGroup;
			children = (
				09A7EEA62AD05C370055937E /* Base */,
			);
			name = LaunchScreen.storyboard;
			sourceTree = "<group>";
		};
/* End PBXVariantGroup section */

/* Begin XCBuildConfiguration section */
		09A7EEA92AD05C370055937E /* Debug */ = {
			isa = XCBuildConfiguration;
			buildSettings = {
				ALWAYS_SEARCH_USER_PATHS = NO;
				CLANG_ANALYZER_NONNULL = YES;
				CLANG_ANALYZER_NUMBER_OBJECT_CONVERSION = YES_AGGRESSIVE;
				CLANG_CXX_LANGUAGE_STANDARD = "gnu++20";
				CLANG_ENABLE_MODULES = YES;
				CLANG_ENABLE_OBJC_ARC = YES;
				CLANG_ENABLE_OBJC_WEAK = YES;
				CLANG_WARN_BLOCK_CAPTURE_AUTORELEASING = YES;
				CLANG_WARN_BOOL_CONVERSION = YES;
				CLANG_WARN_COMMA = YES;
				CLANG_WARN_CONSTANT_CONVERSION = YES;
				CLANG_WARN_DEPRECATED_OBJC_IMPLEMENTATIONS = YES;
				CLANG_WARN_DIRECT_OBJC_ISA_USAGE = YES_ERROR;
				CLANG_WARN_DOCUMENTATION_COMMENTS = YES;
				CLANG_WARN_EMPTY_BODY = YES;
				CLANG_WARN_ENUM_CONVERSION = YES;
				CLANG_WARN_INFINITE_RECURSION = YES;
				CLANG_WARN_INT_CONVERSION = YES;
				CLANG_WARN_NON_LITERAL_NULL_CONVERSION = YES;
				CLANG_WARN_OBJC_IMPLICIT_RETAIN_SELF = YES;
				CLANG_WARN_OBJC_LITERAL_CONVERSION = YES;
				CLANG_WARN_OBJC_ROOT_CLASS = YES_ERROR;
				CLANG_WARN_QUOTED_INCLUDE_IN_FRAMEWORK_HEADER = YES;
				CLANG_WARN_RANGE_LOOP_ANALYSIS = YES;
				CLANG_WARN_STRICT_PROTOTYPES = YES;
				CLANG_WARN_SUSPICIOUS_MOVE = YES;
				CLANG_WARN_UNGUARDED_AVAILABILITY = YES_AGGRESSIVE;
				CLANG_WARN_UNREACHABLE_CODE = YES;
				CLANG_WARN__DUPLICATE_METHOD_MATCH = YES;
				COPY_PHASE_STRIP = NO;
				DEBUG_INFORMATION_FORMAT = dwarf;
				ENABLE_STRICT_OBJC_MSGSEND = YES;
				ENABLE_TESTABILITY = YES;
				GCC_C_LANGUAGE_STANDARD = gnu11;
				GCC_DYNAMIC_NO_PIC = NO;
				GCC_NO_COMMON_BLOCKS = YES;
				GCC_OPTIMIZATION_LEVEL = 0;
				GCC_PREPROCESSOR_DEFINITIONS = (
					"DEBUG=1",
					"$(inherited)",
				);
				GCC_WARN_64_TO_32_BIT_CONVERSION = YES;
				GCC_WARN_ABOUT_RETURN_TYPE = YES_ERROR;
				GCC_WARN_UNDECLARED_SELECTOR = YES;
				GCC_WARN_UNINITIALIZED_AUTOS = YES_AGGRESSIVE;
				GCC_WARN_UNUSED_FUNCTION = YES;
				GCC_WARN_UNUSED_VARIABLE = YES;
				IPHONEOS_DEPLOYMENT_TARGET = 16.4;
				MTL_ENABLE_DEBUG_INFO = INCLUDE_SOURCE;
				MTL_FAST_MATH = YES;
				ONLY_ACTIVE_ARCH = YES;
				SDKROOT = iphoneos;
				SWIFT_ACTIVE_COMPILATION_CONDITIONS = DEBUG;
				SWIFT_OPTIMIZATION_LEVEL = "-Onone";
			};
			name = Debug;
		};
		09A7EEAA2AD05C370055937E /* Release */ = {
			isa = XCBuildConfiguration;
			buildSettings = {
				ALWAYS_SEARCH_USER_PATHS = NO;
				CLANG_ANALYZER_NONNULL = YES;
				CLANG_ANALYZER_NUMBER_OBJECT_CONVERSION = YES_AGGRESSIVE;
				CLANG_CXX_LANGUAGE_STANDARD = "gnu++20";
				CLANG_ENABLE_MODULES = YES;
				CLANG_ENABLE_OBJC_ARC = YES;
				CLANG_ENABLE_OBJC_WEAK = YES;
				CLANG_WARN_BLOCK_CAPTURE_AUTORELEASING = YES;
				CLANG_WARN_BOOL_CONVERSION = YES;
				CLANG_WARN_COMMA = YES;
				CLANG_WARN_CONSTANT_CONVERSION = YES;
				CLANG_WARN_DEPRECATED_OBJC_IMPLEMENTATIONS = YES;
				CLANG_WARN_DIRECT_OBJC_ISA_USAGE = YES_ERROR;
				CLANG_WARN_DOCUMENTATION_COMMENTS = YES;
				CLANG_WARN_EMPTY_BODY = YES;
				CLANG_WARN_ENUM_CONVERSION = YES;
				CLANG_WARN_INFINITE_RECURSION = YES;
				CLANG_WARN_INT_CONVERSION = YES;
				CLANG_WARN_NON_LITERAL_NULL_CONVERSION = YES;
				CLANG_WARN_OBJC_IMPLICIT_RETAIN_SELF = YES;
				CLANG_WARN_OBJC_LITERAL_CONVERSION = YES;
				CLANG_WARN_OBJC_ROOT_CLASS = YES_ERROR;
				CLANG_WARN_QUOTED_INCLUDE_IN_FRAMEWORK_HEADER = YES;
				CLANG_WARN_RANGE_LOOP_ANALYSIS = YES;
				CLANG_WARN_STRICT_PROTOTYPES = YES;
				CLANG_WARN_SUSPICIOUS_MOVE = YES;
				CLANG_WARN_UNGUARDED_AVAILABILITY = YES_AGGRESSIVE;
				CLANG_WARN_UNREACHABLE_CODE = YES;
				CLANG_WARN__DUPLICATE_METHOD_MATCH = YES;
				COPY_PHASE_STRIP = NO;
				DEBUG_INFORMATION_FORMAT = "dwarf-with-dsym";
				ENABLE_NS_ASSERTIONS = NO;
				ENABLE_STRICT_OBJC_MSGSEND = YES;
				GCC_C_LANGUAGE_STANDARD = gnu11;
				GCC_NO_COMMON_BLOCKS = YES;
				GCC_WARN_64_TO_32_BIT_CONVERSION = YES;
				GCC_WARN_ABOUT_RETURN_TYPE = YES_ERROR;
				GCC_WARN_UNDECLARED_SELECTOR = YES;
				GCC_WARN_UNINITIALIZED_AUTOS = YES_AGGRESSIVE;
				GCC_WARN_UNUSED_FUNCTION = YES;
				GCC_WARN_UNUSED_VARIABLE = YES;
				IPHONEOS_DEPLOYMENT_TARGET = 16.4;
				MTL_ENABLE_DEBUG_INFO = NO;
				MTL_FAST_MATH = YES;
				SDKROOT = iphoneos;
				SWIFT_COMPILATION_MODE = wholemodule;
				SWIFT_OPTIMIZATION_LEVEL = "-O";
				VALIDATE_PRODUCT = YES;
			};
			name = Release;
		};
		09A7EEAC2AD05C370055937E /* Debug */ = {
			isa = XCBuildConfiguration;
			buildSettings = {
				ASSETCATALOG_COMPILER_APPICON_NAME = AppIcon;
				ASSETCATALOG_COMPILER_GLOBAL_ACCENT_COLOR_NAME = AccentColor;
				CODE_SIGN_STYLE = Automatic;
				CURRENT_PROJECT_VERSION = 1;
				DEVELOPMENT_TEAM = KKFK367WP8;
				GENERATE_INFOPLIST_FILE = YES;
				INFOPLIST_FILE = "Sopt-Seminar/Info.plist";
				INFOPLIST_KEY_UIApplicationSupportsIndirectInputEvents = YES;
				INFOPLIST_KEY_UILaunchStoryboardName = LaunchScreen;
				INFOPLIST_KEY_UIMainStoryboardFile = Main;
				INFOPLIST_KEY_UISupportedInterfaceOrientations_iPad = "UIInterfaceOrientationPortrait UIInterfaceOrientationPortraitUpsideDown UIInterfaceOrientationLandscapeLeft UIInterfaceOrientationLandscapeRight";
				INFOPLIST_KEY_UISupportedInterfaceOrientations_iPhone = "UIInterfaceOrientationPortrait UIInterfaceOrientationLandscapeLeft UIInterfaceOrientationLandscapeRight";
				LD_RUNPATH_SEARCH_PATHS = (
					"$(inherited)",
					"@executable_path/Frameworks",
				);
				MARKETING_VERSION = 1.0;
				PRODUCT_BUNDLE_IDENTIFIER = "com.joo.Sopt-Seminar";
				PRODUCT_NAME = "$(TARGET_NAME)";
				SWIFT_EMIT_LOC_STRINGS = YES;
				SWIFT_VERSION = 5.0;
				TARGETED_DEVICE_FAMILY = "1,2";
			};
			name = Debug;
		};
		09A7EEAD2AD05C370055937E /* Release */ = {
			isa = XCBuildConfiguration;
			buildSettings = {
				ASSETCATALOG_COMPILER_APPICON_NAME = AppIcon;
				ASSETCATALOG_COMPILER_GLOBAL_ACCENT_COLOR_NAME = AccentColor;
				CODE_SIGN_STYLE = Automatic;
				CURRENT_PROJECT_VERSION = 1;
				DEVELOPMENT_TEAM = KKFK367WP8;
				GENERATE_INFOPLIST_FILE = YES;
				INFOPLIST_FILE = "Sopt-Seminar/Info.plist";
				INFOPLIST_KEY_UIApplicationSupportsIndirectInputEvents = YES;
				INFOPLIST_KEY_UILaunchStoryboardName = LaunchScreen;
				INFOPLIST_KEY_UIMainStoryboardFile = Main;
				INFOPLIST_KEY_UISupportedInterfaceOrientations_iPad = "UIInterfaceOrientationPortrait UIInterfaceOrientationPortraitUpsideDown UIInterfaceOrientationLandscapeLeft UIInterfaceOrientationLandscapeRight";
				INFOPLIST_KEY_UISupportedInterfaceOrientations_iPhone = "UIInterfaceOrientationPortrait UIInterfaceOrientationLandscapeLeft UIInterfaceOrientationLandscapeRight";
				LD_RUNPATH_SEARCH_PATHS = (
					"$(inherited)",
					"@executable_path/Frameworks",
				);
				MARKETING_VERSION = 1.0;
				PRODUCT_BUNDLE_IDENTIFIER = "com.joo.Sopt-Seminar";
				PRODUCT_NAME = "$(TARGET_NAME)";
				SWIFT_EMIT_LOC_STRINGS = YES;
				SWIFT_VERSION = 5.0;
				TARGETED_DEVICE_FAMILY = "1,2";
			};
			name = Release;
		};
/* End XCBuildConfiguration section */

/* Begin XCConfigurationList section */
		09A7EE922AD05C370055937E /* Build configuration list for PBXProject "Sopt-Seminar" */ = {
			isa = XCConfigurationList;
			buildConfigurations = (
				09A7EEA92AD05C370055937E /* Debug */,
				09A7EEAA2AD05C370055937E /* Release */,
			);
			defaultConfigurationIsVisible = 0;
			defaultConfigurationName = Release;
		};
		09A7EEAB2AD05C370055937E /* Build configuration list for PBXNativeTarget "Sopt-Seminar" */ = {
			isa = XCConfigurationList;
			buildConfigurations = (
				09A7EEAC2AD05C370055937E /* Debug */,
				09A7EEAD2AD05C370055937E /* Release */,
			);
			defaultConfigurationIsVisible = 0;
			defaultConfigurationName = Release;
		};
/* End XCConfigurationList section */
	};
	rootObject = 09A7EE8F2AD05C370055937E /* Project object */;
}
