// !$*UTF8*$!
{
	archiveVersion = 1;
	classes = {
	};
	objectVersion = 56;
	objects = {

/* Begin PBXBuildFile section */
		093CF7F62AD5A9EE00810DAD /* Colors.swift in Sources */ = {isa = PBXBuildFile; fileRef = 093CF7F52AD5A9EE00810DAD /* Colors.swift */; };
		093CF7F82AD5A9F900810DAD /* Images.swift in Sources */ = {isa = PBXBuildFile; fileRef = 093CF7F72AD5A9F900810DAD /* Images.swift */; };
		093CF7FA2AD5AA6700810DAD /* UIImage+.swift in Sources */ = {isa = PBXBuildFile; fileRef = 093CF7F92AD5AA6700810DAD /* UIImage+.swift */; };
		0961BD932ADA5EC700983283 /* AutoLayoutViewController.swift in Sources */ = {isa = PBXBuildFile; fileRef = 0961BD922ADA5EC700983283 /* AutoLayoutViewController.swift */; };
		0961BD962ADA621000983283 /* Then in Frameworks */ = {isa = PBXBuildFile; productRef = 0961BD952ADA621000983283 /* Then */; };
		0961BD992ADA629200983283 /* SnapKit in Frameworks */ = {isa = PBXBuildFile; productRef = 0961BD982ADA629200983283 /* SnapKit */; };
		0961BD9B2ADA63A300983283 /* BadukViewController.swift in Sources */ = {isa = PBXBuildFile; fileRef = 0961BD9A2ADA63A300983283 /* BadukViewController.swift */; };
		098C40022AD409560027F3A5 /* LoginViewModel.swift in Sources */ = {isa = PBXBuildFile; fileRef = 098C40012AD409560027F3A5 /* LoginViewModel.swift */; };
		098C401A2AD40A100027F3A5 /* RxBlocking in Frameworks */ = {isa = PBXBuildFile; productRef = 098C40192AD40A100027F3A5 /* RxBlocking */; };
		098C401C2AD40A100027F3A5 /* RxCocoa in Frameworks */ = {isa = PBXBuildFile; productRef = 098C401B2AD40A100027F3A5 /* RxCocoa */; };
		098C401E2AD40A100027F3A5 /* RxRelay in Frameworks */ = {isa = PBXBuildFile; productRef = 098C401D2AD40A100027F3A5 /* RxRelay */; };
		098C40202AD40A100027F3A5 /* RxSwift in Frameworks */ = {isa = PBXBuildFile; productRef = 098C401F2AD40A100027F3A5 /* RxSwift */; };
		098C40222AD40AF70027F3A5 /* LoginModel.swift in Sources */ = {isa = PBXBuildFile; fileRef = 098C40212AD40AF70027F3A5 /* LoginModel.swift */; };
		098C40242AD40E6A0027F3A5 /* String+.swift in Sources */ = {isa = PBXBuildFile; fileRef = 098C40232AD40E6A0027F3A5 /* String+.swift */; };
		09A7EE9B2AD05C370055937E /* AppDelegate.swift in Sources */ = {isa = PBXBuildFile; fileRef = 09A7EE9A2AD05C370055937E /* AppDelegate.swift */; };
		09A7EE9D2AD05C370055937E /* SceneDelegate.swift in Sources */ = {isa = PBXBuildFile; fileRef = 09A7EE9C2AD05C370055937E /* SceneDelegate.swift */; };
		09A7EE9F2AD05C370055937E /* LoginViewController.swift in Sources */ = {isa = PBXBuildFile; fileRef = 09A7EE9E2AD05C370055937E /* LoginViewController.swift */; };
		09A7EEA42AD05C370055937E /* Assets.xcassets in Resources */ = {isa = PBXBuildFile; fileRef = 09A7EEA32AD05C370055937E /* Assets.xcassets */; };
		09A7EEA72AD05C370055937E /* LaunchScreen.storyboard in Resources */ = {isa = PBXBuildFile; fileRef = 09A7EEA52AD05C370055937E /* LaunchScreen.storyboard */; };
		09A7EED12AD065430055937E /* ResultViewController.swift in Sources */ = {isa = PBXBuildFile; fileRef = 09A7EED02AD065430055937E /* ResultViewController.swift */; };
		09EDF8092AD1420900724D27 /* GetDataProtocol.swift in Sources */ = {isa = PBXBuildFile; fileRef = 09EDF8082AD1420900724D27 /* GetDataProtocol.swift */; };
/* End PBXBuildFile section */

/* Begin PBXFileReference section */
		093CF7F52AD5A9EE00810DAD /* Colors.swift */ = {isa = PBXFileReference; lastKnownFileType = sourcecode.swift; path = Colors.swift; sourceTree = "<group>"; };
		093CF7F72AD5A9F900810DAD /* Images.swift */ = {isa = PBXFileReference; lastKnownFileType = sourcecode.swift; path = Images.swift; sourceTree = "<group>"; };
		093CF7F92AD5AA6700810DAD /* UIImage+.swift */ = {isa = PBXFileReference; lastKnownFileType = sourcecode.swift; path = "UIImage+.swift"; sourceTree = "<group>"; };
		0961BD922ADA5EC700983283 /* AutoLayoutViewController.swift */ = {isa = PBXFileReference; lastKnownFileType = sourcecode.swift; path = AutoLayoutViewController.swift; sourceTree = "<group>"; };
		0961BD9A2ADA63A300983283 /* BadukViewController.swift */ = {isa = PBXFileReference; lastKnownFileType = sourcecode.swift; path = BadukViewController.swift; sourceTree = "<group>"; };
		098C40012AD409560027F3A5 /* LoginViewModel.swift */ = {isa = PBXFileReference; lastKnownFileType = sourcecode.swift; path = LoginViewModel.swift; sourceTree = "<group>"; };
		098C40212AD40AF70027F3A5 /* LoginModel.swift */ = {isa = PBXFileReference; lastKnownFileType = sourcecode.swift; path = LoginModel.swift; sourceTree = "<group>"; };
		098C40232AD40E6A0027F3A5 /* String+.swift */ = {isa = PBXFileReference; lastKnownFileType = sourcecode.swift; path = "String+.swift"; sourceTree = "<group>"; };
		09A7EE972AD05C370055937E /* Sopt-Seminar.app */ = {isa = PBXFileReference; explicitFileType = wrapper.application; includeInIndex = 0; path = "Sopt-Seminar.app"; sourceTree = BUILT_PRODUCTS_DIR; };
		09A7EE9A2AD05C370055937E /* AppDelegate.swift */ = {isa = PBXFileReference; lastKnownFileType = sourcecode.swift; path = AppDelegate.swift; sourceTree = "<group>"; };
		09A7EE9C2AD05C370055937E /* SceneDelegate.swift */ = {isa = PBXFileReference; lastKnownFileType = sourcecode.swift; path = SceneDelegate.swift; sourceTree = "<group>"; };
		09A7EE9E2AD05C370055937E /* LoginViewController.swift */ = {isa = PBXFileReference; lastKnownFileType = sourcecode.swift; path = LoginViewController.swift; sourceTree = "<group>"; };
		09A7EEA32AD05C370055937E /* Assets.xcassets */ = {isa = PBXFileReference; lastKnownFileType = folder.assetcatalog; path = Assets.xcassets; sourceTree = "<group>"; };
		09A7EEA62AD05C370055937E /* Base */ = {isa = PBXFileReference; lastKnownFileType = file.storyboard; name = Base; path = Base.lproj/LaunchScreen.storyboard; sourceTree = "<group>"; };
		09A7EEA82AD05C370055937E /* Info.plist */ = {isa = PBXFileReference; lastKnownFileType = text.plist.xml; path = Info.plist; sourceTree = "<group>"; };
		09A7EED02AD065430055937E /* ResultViewController.swift */ = {isa = PBXFileReference; lastKnownFileType = sourcecode.swift; path = ResultViewController.swift; sourceTree = "<group>"; };
		09EDF8082AD1420900724D27 /* GetDataProtocol.swift */ = {isa = PBXFileReference; lastKnownFileType = sourcecode.swift; path = GetDataProtocol.swift; sourceTree = "<group>"; };
/* End PBXFileReference section */

/* Begin PBXFrameworksBuildPhase section */
		09A7EE942AD05C370055937E /* Frameworks */ = {
			isa = PBXFrameworksBuildPhase;
			buildActionMask = 2147483647;
			files = (
				0961BD962ADA621000983283 /* Then in Frameworks */,
				098C401E2AD40A100027F3A5 /* RxRelay in Frameworks */,
				098C401C2AD40A100027F3A5 /* RxCocoa in Frameworks */,
				0961BD992ADA629200983283 /* SnapKit in Frameworks */,
				098C40202AD40A100027F3A5 /* RxSwift in Frameworks */,
				098C401A2AD40A100027F3A5 /* RxBlocking in Frameworks */,
			);
			runOnlyForDeploymentPostprocessing = 0;
		};
/* End PBXFrameworksBuildPhase section */

/* Begin PBXGroup section */
		093CF7F42AD5A97800810DAD /* Literals */ = {
			isa = PBXGroup;
			children = (
				093CF7F52AD5A9EE00810DAD /* Colors.swift */,
				093CF7F72AD5A9F900810DAD /* Images.swift */,
			);
			path = Literals;
			sourceTree = "<group>";
		};
		0961BD8D2ADA5AE100983283 /* SecondSeminar */ = {
			isa = PBXGroup;
			children = (
				0961BD922ADA5EC700983283 /* AutoLayoutViewController.swift */,
				0961BD9A2ADA63A300983283 /* BadukViewController.swift */,
			);
			path = SecondSeminar;
			sourceTree = "<group>";
		};
		0961BD8E2ADA5B2B00983283 /* Application */ = {
			isa = PBXGroup;
			children = (
				09A7EE9A2AD05C370055937E /* AppDelegate.swift */,
				09A7EE9C2AD05C370055937E /* SceneDelegate.swift */,
				09A7EEA82AD05C370055937E /* Info.plist */,
			);
			path = Application;
			sourceTree = "<group>";
		};
		0961BD8F2ADA5B8F00983283 /* Resource */ = {
			isa = PBXGroup;
			children = (
				09A7EEA32AD05C370055937E /* Assets.xcassets */,
				09A7EEA52AD05C370055937E /* LaunchScreen.storyboard */,
			);
			path = Resource;
			sourceTree = "<group>";
		};
		098C40252AD40E7C0027F3A5 /* Extension */ = {
			isa = PBXGroup;
			children = (
				098C40232AD40E6A0027F3A5 /* String+.swift */,
				093CF7F92AD5AA6700810DAD /* UIImage+.swift */,
			);
			path = Extension;
			sourceTree = "<group>";
		};
		09A7EE8E2AD05C370055937E = {
			isa = PBXGroup;
			children = (
				09A7EE992AD05C370055937E /* Sopt-Seminar */,
				09A7EE982AD05C370055937E /* Products */,
			);
			sourceTree = "<group>";
		};
		09A7EE982AD05C370055937E /* Products */ = {
			isa = PBXGroup;
			children = (
				09A7EE972AD05C370055937E /* Sopt-Seminar.app */,
			);
			name = Products;
			sourceTree = "<group>";
		};
		09A7EE992AD05C370055937E /* Sopt-Seminar */ = {
			isa = PBXGroup;
			children = (
				0961BD8F2ADA5B8F00983283 /* Resource */,
				0961BD8E2ADA5B2B00983283 /* Application */,
				093CF7F42AD5A97800810DAD /* Literals */,
				098C40252AD40E7C0027F3A5 /* Extension */,
				09EDF80B2AD14C5700724D27 /* FirstSeminar */,
				0961BD8D2ADA5AE100983283 /* SecondSeminar */,
			);
			path = "Sopt-Seminar";
			sourceTree = "<group>";
		};
		09EDF80B2AD14C5700724D27 /* FirstSeminar */ = {
			isa = PBXGroup;
			children = (
				09EDF8082AD1420900724D27 /* GetDataProtocol.swift */,
				09A7EED02AD065430055937E /* ResultViewController.swift */,
				09A7EE9E2AD05C370055937E /* LoginViewController.swift */,
				098C40012AD409560027F3A5 /* LoginViewModel.swift */,
				098C40212AD40AF70027F3A5 /* LoginModel.swift */,
			);
			path = FirstSeminar;
			sourceTree = "<group>";
		};
/* End PBXGroup section */

/* Begin PBXNativeTarget section */
		09A7EE962AD05C370055937E /* Sopt-Seminar */ = {
			isa = PBXNativeTarget;
			buildConfigurationList = 09A7EEAB2AD05C370055937E /* Build configuration list for PBXNativeTarget "Sopt-Seminar" */;
			buildPhases = (
				09A7EE932AD05C370055937E /* Sources */,
				09A7EE942AD05C370055937E /* Frameworks */,
				09A7EE952AD05C370055937E /* Resources */,
			);
			buildRules = (
			);
			dependencies = (
			);
			name = "Sopt-Seminar";
			packageProductDependencies = (
				098C40192AD40A100027F3A5 /* RxBlocking */,
				098C401B2AD40A100027F3A5 /* RxCocoa */,
				098C401D2AD40A100027F3A5 /* RxRelay */,
				098C401F2AD40A100027F3A5 /* RxSwift */,
				0961BD952ADA621000983283 /* Then */,
				0961BD982ADA629200983283 /* SnapKit */,
			);
			productName = "Sopt-Seminar";
			productReference = 09A7EE972AD05C370055937E /* Sopt-Seminar.app */;
			productType = "com.apple.product-type.application";
		};
/* End PBXNativeTarget section */

/* Begin PBXProject section */
		09A7EE8F2AD05C370055937E /* Project object */ = {
			isa = PBXProject;
			attributes = {
				BuildIndependentTargetsInParallel = 1;
				LastSwiftUpdateCheck = 1430;
				LastUpgradeCheck = 1430;
				TargetAttributes = {
					09A7EE962AD05C370055937E = {
						CreatedOnToolsVersion = 14.3.1;
					};
				};
			};
			buildConfigurationList = 09A7EE922AD05C370055937E /* Build configuration list for PBXProject "Sopt-Seminar" */;
			compatibilityVersion = "Xcode 14.0";
			developmentRegion = en;
			hasScannedForEncodings = 0;
			knownRegions = (
				en,
				Base,
			);
			mainGroup = 09A7EE8E2AD05C370055937E;
			packageReferences = (
				098C40182AD40A100027F3A5 /* XCRemoteSwiftPackageReference "RxSwift" */,
				0961BD942ADA621000983283 /* XCRemoteSwiftPackageReference "Then" */,
				0961BD972ADA629200983283 /* XCRemoteSwiftPackageReference "SnapKit" */,
			);
			productRefGroup = 09A7EE982AD05C370055937E /* Products */;
			projectDirPath = "";
			projectRoot = "";
			targets = (
				09A7EE962AD05C370055937E /* Sopt-Seminar */,
			);
		};
/* End PBXProject section */

/* Begin PBXResourcesBuildPhase section */
		09A7EE952AD05C370055937E /* Resources */ = {
			isa = PBXResourcesBuildPhase;
			buildActionMask = 2147483647;
			files = (
				09A7EEA72AD05C370055937E /* LaunchScreen.storyboard in Resources */,
				09A7EEA42AD05C370055937E /* Assets.xcassets in Resources */,
			);
			runOnlyForDeploymentPostprocessing = 0;
		};
/* End PBXResourcesBuildPhase section */

/* Begin PBXSourcesBuildPhase section */
		09A7EE932AD05C370055937E /* Sources */ = {
			isa = PBXSourcesBuildPhase;
			buildActionMask = 2147483647;
			files = (
				0961BD9B2ADA63A300983283 /* BadukViewController.swift in Sources */,
				098C40222AD40AF70027F3A5 /* LoginModel.swift in Sources */,
				093CF7F62AD5A9EE00810DAD /* Colors.swift in Sources */,
				09EDF8092AD1420900724D27 /* GetDataProtocol.swift in Sources */,
				098C40242AD40E6A0027F3A5 /* String+.swift in Sources */,
				09A7EE9F2AD05C370055937E /* LoginViewController.swift in Sources */,
				09A7EED12AD065430055937E /* ResultViewController.swift in Sources */,
				0961BD932ADA5EC700983283 /* AutoLayoutViewController.swift in Sources */,
				09A7EE9B2AD05C370055937E /* AppDelegate.swift in Sources */,
				093CF7F82AD5A9F900810DAD /* Images.swift in Sources */,
				093CF7FA2AD5AA6700810DAD /* UIImage+.swift in Sources */,
				098C40022AD409560027F3A5 /* LoginViewModel.swift in Sources */,
				09A7EE9D2AD05C370055937E /* SceneDelegate.swift in Sources */,
			);
			runOnlyForDeploymentPostprocessing = 0;
		};
/* End PBXSourcesBuildPhase section */

/* Begin PBXVariantGroup section */
		09A7EEA52AD05C370055937E /* LaunchScreen.storyboard */ = {
			isa = PBXVariantGroup;
			children = (
				09A7EEA62AD05C370055937E /* Base */,
			);
			name = LaunchScreen.storyboard;
			sourceTree = "<group>";
		};
/* End PBXVariantGroup section */

/* Begin XCBuildConfiguration section */
		09A7EEA92AD05C370055937E /* Debug */ = {
			isa = XCBuildConfiguration;
			buildSettings = {
				ALWAYS_SEARCH_USER_PATHS = NO;
				CLANG_ANALYZER_NONNULL = YES;
				CLANG_ANALYZER_NUMBER_OBJECT_CONVERSION = YES_AGGRESSIVE;
				CLANG_CXX_LANGUAGE_STANDARD = "gnu++20";
				CLANG_ENABLE_MODULES = YES;
				CLANG_ENABLE_OBJC_ARC = YES;
				CLANG_ENABLE_OBJC_WEAK = YES;
				CLANG_WARN_BLOCK_CAPTURE_AUTORELEASING = YES;
				CLANG_WARN_BOOL_CONVERSION = YES;
				CLANG_WARN_COMMA = YES;
				CLANG_WARN_CONSTANT_CONVERSION = YES;
				CLANG_WARN_DEPRECATED_OBJC_IMPLEMENTATIONS = YES;
				CLANG_WARN_DIRECT_OBJC_ISA_USAGE = YES_ERROR;
				CLANG_WARN_DOCUMENTATION_COMMENTS = YES;
				CLANG_WARN_EMPTY_BODY = YES;
				CLANG_WARN_ENUM_CONVERSION = YES;
				CLANG_WARN_INFINITE_RECURSION = YES;
				CLANG_WARN_INT_CONVERSION = YES;
				CLANG_WARN_NON_LITERAL_NULL_CONVERSION = YES;
				CLANG_WARN_OBJC_IMPLICIT_RETAIN_SELF = YES;
				CLANG_WARN_OBJC_LITERAL_CONVERSION = YES;
				CLANG_WARN_OBJC_ROOT_CLASS = YES_ERROR;
				CLANG_WARN_QUOTED_INCLUDE_IN_FRAMEWORK_HEADER = YES;
				CLANG_WARN_RANGE_LOOP_ANALYSIS = YES;
				CLANG_WARN_STRICT_PROTOTYPES = YES;
				CLANG_WARN_SUSPICIOUS_MOVE = YES;
				CLANG_WARN_UNGUARDED_AVAILABILITY = YES_AGGRESSIVE;
				CLANG_WARN_UNREACHABLE_CODE = YES;
				CLANG_WARN__DUPLICATE_METHOD_MATCH = YES;
				COPY_PHASE_STRIP = NO;
				DEBUG_INFORMATION_FORMAT = dwarf;
				ENABLE_STRICT_OBJC_MSGSEND = YES;
				ENABLE_TESTABILITY = YES;
				GCC_C_LANGUAGE_STANDARD = gnu11;
				GCC_DYNAMIC_NO_PIC = NO;
				GCC_NO_COMMON_BLOCKS = YES;
				GCC_OPTIMIZATION_LEVEL = 0;
				GCC_PREPROCESSOR_DEFINITIONS = (
					"DEBUG=1",
					"$(inherited)",
				);
				GCC_WARN_64_TO_32_BIT_CONVERSION = YES;
				GCC_WARN_ABOUT_RETURN_TYPE = YES_ERROR;
				GCC_WARN_UNDECLARED_SELECTOR = YES;
				GCC_WARN_UNINITIALIZED_AUTOS = YES_AGGRESSIVE;
				GCC_WARN_UNUSED_FUNCTION = YES;
				GCC_WARN_UNUSED_VARIABLE = YES;
				IPHONEOS_DEPLOYMENT_TARGET = 16.4;
				MTL_ENABLE_DEBUG_INFO = INCLUDE_SOURCE;
				MTL_FAST_MATH = YES;
				ONLY_ACTIVE_ARCH = YES;
				SDKROOT = iphoneos;
				SWIFT_ACTIVE_COMPILATION_CONDITIONS = DEBUG;
				SWIFT_OPTIMIZATION_LEVEL = "-Onone";
			};
			name = Debug;
		};
		09A7EEAA2AD05C370055937E /* Release */ = {
			isa = XCBuildConfiguration;
			buildSettings = {
				ALWAYS_SEARCH_USER_PATHS = NO;
				CLANG_ANALYZER_NONNULL = YES;
				CLANG_ANALYZER_NUMBER_OBJECT_CONVERSION = YES_AGGRESSIVE;
				CLANG_CXX_LANGUAGE_STANDARD = "gnu++20";
				CLANG_ENABLE_MODULES = YES;
				CLANG_ENABLE_OBJC_ARC = YES;
				CLANG_ENABLE_OBJC_WEAK = YES;
				CLANG_WARN_BLOCK_CAPTURE_AUTORELEASING = YES;
				CLANG_WARN_BOOL_CONVERSION = YES;
				CLANG_WARN_COMMA = YES;
				CLANG_WARN_CONSTANT_CONVERSION = YES;
				CLANG_WARN_DEPRECATED_OBJC_IMPLEMENTATIONS = YES;
				CLANG_WARN_DIRECT_OBJC_ISA_USAGE = YES_ERROR;
				CLANG_WARN_DOCUMENTATION_COMMENTS = YES;
				CLANG_WARN_EMPTY_BODY = YES;
				CLANG_WARN_ENUM_CONVERSION = YES;
				CLANG_WARN_INFINITE_RECURSION = YES;
				CLANG_WARN_INT_CONVERSION = YES;
				CLANG_WARN_NON_LITERAL_NULL_CONVERSION = YES;
				CLANG_WARN_OBJC_IMPLICIT_RETAIN_SELF = YES;
				CLANG_WARN_OBJC_LITERAL_CONVERSION = YES;
				CLANG_WARN_OBJC_ROOT_CLASS = YES_ERROR;
				CLANG_WARN_QUOTED_INCLUDE_IN_FRAMEWORK_HEADER = YES;
				CLANG_WARN_RANGE_LOOP_ANALYSIS = YES;
				CLANG_WARN_STRICT_PROTOTYPES = YES;
				CLANG_WARN_SUSPICIOUS_MOVE = YES;
				CLANG_WARN_UNGUARDED_AVAILABILITY = YES_AGGRESSIVE;
				CLANG_WARN_UNREACHABLE_CODE = YES;
				CLANG_WARN__DUPLICATE_METHOD_MATCH = YES;
				COPY_PHASE_STRIP = NO;
				DEBUG_INFORMATION_FORMAT = "dwarf-with-dsym";
				ENABLE_NS_ASSERTIONS = NO;
				ENABLE_STRICT_OBJC_MSGSEND = YES;
				GCC_C_LANGUAGE_STANDARD = gnu11;
				GCC_NO_COMMON_BLOCKS = YES;
				GCC_WARN_64_TO_32_BIT_CONVERSION = YES;
				GCC_WARN_ABOUT_RETURN_TYPE = YES_ERROR;
				GCC_WARN_UNDECLARED_SELECTOR = YES;
				GCC_WARN_UNINITIALIZED_AUTOS = YES_AGGRESSIVE;
				GCC_WARN_UNUSED_FUNCTION = YES;
				GCC_WARN_UNUSED_VARIABLE = YES;
				IPHONEOS_DEPLOYMENT_TARGET = 16.4;
				MTL_ENABLE_DEBUG_INFO = NO;
				MTL_FAST_MATH = YES;
				SDKROOT = iphoneos;
				SWIFT_COMPILATION_MODE = wholemodule;
				SWIFT_OPTIMIZATION_LEVEL = "-O";
				VALIDATE_PRODUCT = YES;
			};
			name = Release;
		};
		09A7EEAC2AD05C370055937E /* Debug */ = {
			isa = XCBuildConfiguration;
			buildSettings = {
				ASSETCATALOG_COMPILER_APPICON_NAME = AppIcon;
				ASSETCATALOG_COMPILER_GLOBAL_ACCENT_COLOR_NAME = AccentColor;
				CODE_SIGN_STYLE = Automatic;
				CURRENT_PROJECT_VERSION = 1;
				DEVELOPMENT_TEAM = KKFK367WP8;
				GENERATE_INFOPLIST_FILE = YES;
				INFOPLIST_FILE = "Sopt-Seminar/Application/Info.plist";
				INFOPLIST_KEY_UIApplicationSupportsIndirectInputEvents = YES;
				INFOPLIST_KEY_UILaunchStoryboardName = LaunchScreen;
				INFOPLIST_KEY_UISupportedInterfaceOrientations_iPad = "UIInterfaceOrientationPortrait UIInterfaceOrientationPortraitUpsideDown UIInterfaceOrientationLandscapeLeft UIInterfaceOrientationLandscapeRight";
				INFOPLIST_KEY_UISupportedInterfaceOrientations_iPhone = "UIInterfaceOrientationPortrait UIInterfaceOrientationLandscapeLeft UIInterfaceOrientationLandscapeRight";
				LD_RUNPATH_SEARCH_PATHS = (
					"$(inherited)",
					"@executable_path/Frameworks",
				);
				MARKETING_VERSION = 1.0;
				PRODUCT_BUNDLE_IDENTIFIER = "com.joo.Sopt-Seminar";
				PRODUCT_NAME = "$(TARGET_NAME)";
				SWIFT_EMIT_LOC_STRINGS = YES;
				SWIFT_VERSION = 5.0;
				TARGETED_DEVICE_FAMILY = "1,2";
			};
			name = Debug;
		};
		09A7EEAD2AD05C370055937E /* Release */ = {
			isa = XCBuildConfiguration;
			buildSettings = {
				ASSETCATALOG_COMPILER_APPICON_NAME = AppIcon;
				ASSETCATALOG_COMPILER_GLOBAL_ACCENT_COLOR_NAME = AccentColor;
				CODE_SIGN_STYLE = Automatic;
				CURRENT_PROJECT_VERSION = 1;
				DEVELOPMENT_TEAM = KKFK367WP8;
				GENERATE_INFOPLIST_FILE = YES;
				INFOPLIST_FILE = "Sopt-Seminar/Application/Info.plist";
				INFOPLIST_KEY_UIApplicationSupportsIndirectInputEvents = YES;
				INFOPLIST_KEY_UILaunchStoryboardName = LaunchScreen;
				INFOPLIST_KEY_UISupportedInterfaceOrientations_iPad = "UIInterfaceOrientationPortrait UIInterfaceOrientationPortraitUpsideDown UIInterfaceOrientationLandscapeLeft UIInterfaceOrientationLandscapeRight";
				INFOPLIST_KEY_UISupportedInterfaceOrientations_iPhone = "UIInterfaceOrientationPortrait UIInterfaceOrientationLandscapeLeft UIInterfaceOrientationLandscapeRight";
				LD_RUNPATH_SEARCH_PATHS = (
					"$(inherited)",
					"@executable_path/Frameworks",
				);
				MARKETING_VERSION = 1.0;
				PRODUCT_BUNDLE_IDENTIFIER = "com.joo.Sopt-Seminar";
				PRODUCT_NAME = "$(TARGET_NAME)";
				SWIFT_EMIT_LOC_STRINGS = YES;
				SWIFT_VERSION = 5.0;
				TARGETED_DEVICE_FAMILY = "1,2";
			};
			name = Release;
		};
/* End XCBuildConfiguration section */

/* Begin XCConfigurationList section */
		09A7EE922AD05C370055937E /* Build configuration list for PBXProject "Sopt-Seminar" */ = {
			isa = XCConfigurationList;
			buildConfigurations = (
				09A7EEA92AD05C370055937E /* Debug */,
				09A7EEAA2AD05C370055937E /* Release */,
			);
			defaultConfigurationIsVisible = 0;
			defaultConfigurationName = Release;
		};
		09A7EEAB2AD05C370055937E /* Build configuration list for PBXNativeTarget "Sopt-Seminar" */ = {
			isa = XCConfigurationList;
			buildConfigurations = (
				09A7EEAC2AD05C370055937E /* Debug */,
				09A7EEAD2AD05C370055937E /* Release */,
			);
			defaultConfigurationIsVisible = 0;
			defaultConfigurationName = Release;
		};
/* End XCConfigurationList section */

/* Begin XCRemoteSwiftPackageReference section */
		0961BD942ADA621000983283 /* XCRemoteSwiftPackageReference "Then" */ = {
			isa = XCRemoteSwiftPackageReference;
			repositoryURL = "https://github.com/devxoul/Then.git";
			requirement = {
				kind = upToNextMajorVersion;
				minimumVersion = 3.0.0;
			};
		};
		0961BD972ADA629200983283 /* XCRemoteSwiftPackageReference "SnapKit" */ = {
			isa = XCRemoteSwiftPackageReference;
			repositoryURL = "https://github.com/SnapKit/SnapKit";
			requirement = {
				kind = upToNextMajorVersion;
				minimumVersion = 5.6.0;
			};
		};
		098C40182AD40A100027F3A5 /* XCRemoteSwiftPackageReference "RxSwift" */ = {
			isa = XCRemoteSwiftPackageReference;
			repositoryURL = "https://github.com/ReactiveX/RxSwift.git";
			requirement = {
				kind = upToNextMajorVersion;
				minimumVersion = 6.6.0;
			};
		};
/* End XCRemoteSwiftPackageReference section */

/* Begin XCSwiftPackageProductDependency section */
		0961BD952ADA621000983283 /* Then */ = {
			isa = XCSwiftPackageProductDependency;
			package = 0961BD942ADA621000983283 /* XCRemoteSwiftPackageReference "Then" */;
			productName = Then;
		};
		0961BD982ADA629200983283 /* SnapKit */ = {
			isa = XCSwiftPackageProductDependency;
			package = 0961BD972ADA629200983283 /* XCRemoteSwiftPackageReference "SnapKit" */;
			productName = SnapKit;
		};
		098C40192AD40A100027F3A5 /* RxBlocking */ = {
			isa = XCSwiftPackageProductDependency;
			package = 098C40182AD40A100027F3A5 /* XCRemoteSwiftPackageReference "RxSwift" */;
			productName = RxBlocking;
		};
		098C401B2AD40A100027F3A5 /* RxCocoa */ = {
			isa = XCSwiftPackageProductDependency;
			package = 098C40182AD40A100027F3A5 /* XCRemoteSwiftPackageReference "RxSwift" */;
			productName = RxCocoa;
		};
		098C401D2AD40A100027F3A5 /* RxRelay */ = {
			isa = XCSwiftPackageProductDependency;
			package = 098C40182AD40A100027F3A5 /* XCRemoteSwiftPackageReference "RxSwift" */;
			productName = RxRelay;
		};
		098C401F2AD40A100027F3A5 /* RxSwift */ = {
			isa = XCSwiftPackageProductDependency;
			package = 098C40182AD40A100027F3A5 /* XCRemoteSwiftPackageReference "RxSwift" */;
			productName = RxSwift;
		};
/* End XCSwiftPackageProductDependency section */
	};
	rootObject = 09A7EE8F2AD05C370055937E /* Project object */;
}
